// !$*UTF8*$!
{
	archiveVersion = 1;
	classes = {
	};
	objectVersion = 50;
	objects = {

/* Begin PBXBuildFile section */
		12794DA623E1625100EF0145 /* AppDelegate.swift in Sources */ = {isa = PBXBuildFile; fileRef = 12794DA523E1625100EF0145 /* AppDelegate.swift */; };
		12794DA823E1625100EF0145 /* SceneDelegate.swift in Sources */ = {isa = PBXBuildFile; fileRef = 12794DA723E1625100EF0145 /* SceneDelegate.swift */; };
		12794DAA23E1625100EF0145 /* ContentView.swift in Sources */ = {isa = PBXBuildFile; fileRef = 12794DA923E1625100EF0145 /* ContentView.swift */; };
		12794DAC23E1625400EF0145 /* Assets.xcassets in Resources */ = {isa = PBXBuildFile; fileRef = 12794DAB23E1625400EF0145 /* Assets.xcassets */; };
		12794DAF23E1625400EF0145 /* Preview Assets.xcassets in Resources */ = {isa = PBXBuildFile; fileRef = 12794DAE23E1625400EF0145 /* Preview Assets.xcassets */; };
		12794DB223E1625400EF0145 /* LaunchScreen.storyboard in Resources */ = {isa = PBXBuildFile; fileRef = 12794DB023E1625400EF0145 /* LaunchScreen.storyboard */; };
		12794DBD23E1625500EF0145 /* SwiftUISampleTests.swift in Sources */ = {isa = PBXBuildFile; fileRef = 12794DBC23E1625500EF0145 /* SwiftUISampleTests.swift */; };
		12794DC823E1625500EF0145 /* SwiftUISampleUITests.swift in Sources */ = {isa = PBXBuildFile; fileRef = 12794DC723E1625500EF0145 /* SwiftUISampleUITests.swift */; };
/* End PBXBuildFile section */

/* Begin PBXContainerItemProxy section */
		12794DB923E1625500EF0145 /* PBXContainerItemProxy */ = {
			isa = PBXContainerItemProxy;
			containerPortal = 12794D9A23E1625100EF0145 /* Project object */;
			proxyType = 1;
			remoteGlobalIDString = 12794DA123E1625100EF0145;
			remoteInfo = SwiftUISample;
		};
		12794DC423E1625500EF0145 /* PBXContainerItemProxy */ = {
			isa = PBXContainerItemProxy;
			containerPortal = 12794D9A23E1625100EF0145 /* Project object */;
			proxyType = 1;
			remoteGlobalIDString = 12794DA123E1625100EF0145;
			remoteInfo = SwiftUISample;
		};
/* End PBXContainerItemProxy section */

/* Begin PBXFileReference section */
		12794DA223E1625100EF0145 /* SwiftUISample.app */ = {isa = PBXFileReference; explicitFileType = wrapper.application; includeInIndex = 0; path = SwiftUISample.app; sourceTree = BUILT_PRODUCTS_DIR; };
		12794DA523E1625100EF0145 /* AppDelegate.swift */ = {isa = PBXFileReference; lastKnownFileType = sourcecode.swift; path = AppDelegate.swift; sourceTree = "<group>"; };
		12794DA723E1625100EF0145 /* SceneDelegate.swift */ = {isa = PBXFileReference; lastKnownFileType = sourcecode.swift; path = SceneDelegate.swift; sourceTree = "<group>"; };
		12794DA923E1625100EF0145 /* ContentView.swift */ = {isa = PBXFileReference; lastKnownFileType = sourcecode.swift; path = ContentView.swift; sourceTree = "<group>"; };
		12794DAB23E1625400EF0145 /* Assets.xcassets */ = {isa = PBXFileReference; lastKnownFileType = folder.assetcatalog; path = Assets.xcassets; sourceTree = "<group>"; };
		12794DAE23E1625400EF0145 /* Preview Assets.xcassets */ = {isa = PBXFileReference; lastKnownFileType = folder.assetcatalog; path = "Preview Assets.xcassets"; sourceTree = "<group>"; };
		12794DB123E1625400EF0145 /* Base */ = {isa = PBXFileReference; lastKnownFileType = file.storyboard; name = Base; path = Base.lproj/LaunchScreen.storyboard; sourceTree = "<group>"; };
		12794DB323E1625400EF0145 /* Info.plist */ = {isa = PBXFileReference; lastKnownFileType = text.plist.xml; path = Info.plist; sourceTree = "<group>"; };
		12794DB823E1625500EF0145 /* SwiftUISampleTests.xctest */ = {isa = PBXFileReference; explicitFileType = wrapper.cfbundle; includeInIndex = 0; path = SwiftUISampleTests.xctest; sourceTree = BUILT_PRODUCTS_DIR; };
		12794DBC23E1625500EF0145 /* SwiftUISampleTests.swift */ = {isa = PBXFileReference; lastKnownFileType = sourcecode.swift; path = SwiftUISampleTests.swift; sourceTree = "<group>"; };
		12794DBE23E1625500EF0145 /* Info.plist */ = {isa = PBXFileReference; lastKnownFileType = text.plist.xml; path = Info.plist; sourceTree = "<group>"; };
		12794DC323E1625500EF0145 /* SwiftUISampleUITests.xctest */ = {isa = PBXFileReference; explicitFileType = wrapper.cfbundle; includeInIndex = 0; path = SwiftUISampleUITests.xctest; sourceTree = BUILT_PRODUCTS_DIR; };
		12794DC723E1625500EF0145 /* SwiftUISampleUITests.swift */ = {isa = PBXFileReference; lastKnownFileType = sourcecode.swift; path = SwiftUISampleUITests.swift; sourceTree = "<group>"; };
		12794DC923E1625500EF0145 /* Info.plist */ = {isa = PBXFileReference; lastKnownFileType = text.plist.xml; path = Info.plist; sourceTree = "<group>"; };
/* End PBXFileReference section */

/* Begin PBXFrameworksBuildPhase section */
		12794D9F23E1625100EF0145 /* Frameworks */ = {
			isa = PBXFrameworksBuildPhase;
			buildActionMask = 2147483647;
			files = (
			);
			runOnlyForDeploymentPostprocessing = 0;
		};
		12794DB523E1625500EF0145 /* Frameworks */ = {
			isa = PBXFrameworksBuildPhase;
			buildActionMask = 2147483647;
			files = (
			);
			runOnlyForDeploymentPostprocessing = 0;
		};
		12794DC023E1625500EF0145 /* Frameworks */ = {
			isa = PBXFrameworksBuildPhase;
			buildActionMask = 2147483647;
			files = (
			);
			runOnlyForDeploymentPostprocessing = 0;
		};
/* End PBXFrameworksBuildPhase section */

/* Begin PBXGroup section */
		12794D9923E1625100EF0145 = {
			isa = PBXGroup;
			children = (
				12794DA423E1625100EF0145 /* SwiftUISample */,
				12794DBB23E1625500EF0145 /* SwiftUISampleTests */,
				12794DC623E1625500EF0145 /* SwiftUISampleUITests */,
				12794DA323E1625100EF0145 /* Products */,
			);
			sourceTree = "<group>";
		};
		12794DA323E1625100EF0145 /* Products */ = {
			isa = PBXGroup;
			children = (
				12794DA223E1625100EF0145 /* SwiftUISample.app */,
				12794DB823E1625500EF0145 /* SwiftUISampleTests.xctest */,
				12794DC323E1625500EF0145 /* SwiftUISampleUITests.xctest */,
			);
			name = Products;
			sourceTree = "<group>";
		};
		12794DA423E1625100EF0145 /* SwiftUISample */ = {
			isa = PBXGroup;
			children = (
				12794DA523E1625100EF0145 /* AppDelegate.swift */,
				12794DA723E1625100EF0145 /* SceneDelegate.swift */,
				12794DA923E1625100EF0145 /* ContentView.swift */,
				12794DAB23E1625400EF0145 /* Assets.xcassets */,
				12794DB023E1625400EF0145 /* LaunchScreen.storyboard */,
				12794DB323E1625400EF0145 /* Info.plist */,
				12794DAD23E1625400EF0145 /* Preview Content */,
			);
			path = SwiftUISample;
			sourceTree = "<group>";
		};
		12794DAD23E1625400EF0145 /* Preview Content */ = {
			isa = PBXGroup;
			children = (
				12794DAE23E1625400EF0145 /* Preview Assets.xcassets */,
			);
			path = "Preview Content";
			sourceTree = "<group>";
		};
		12794DBB23E1625500EF0145 /* SwiftUISampleTests */ = {
			isa = PBXGroup;
			children = (
				12794DBC23E1625500EF0145 /* SwiftUISampleTests.swift */,
				12794DBE23E1625500EF0145 /* Info.plist */,
			);
			path = SwiftUISampleTests;
			sourceTree = "<group>";
		};
		12794DC623E1625500EF0145 /* SwiftUISampleUITests */ = {
			isa = PBXGroup;
			children = (
				12794DC723E1625500EF0145 /* SwiftUISampleUITests.swift */,
				12794DC923E1625500EF0145 /* Info.plist */,
			);
			path = SwiftUISampleUITests;
			sourceTree = "<group>";
		};
/* End PBXGroup section */

/* Begin PBXNativeTarget section */
		12794DA123E1625100EF0145 /* SwiftUISample */ = {
			isa = PBXNativeTarget;
			buildConfigurationList = 12794DCC23E1625500EF0145 /* Build configuration list for PBXNativeTarget "SwiftUISample" */;
			buildPhases = (
				12794D9E23E1625100EF0145 /* Sources */,
				12794D9F23E1625100EF0145 /* Frameworks */,
				12794DA023E1625100EF0145 /* Resources */,
			);
			buildRules = (
			);
			dependencies = (
			);
			name = SwiftUISample;
			productName = SwiftUISample;
			productReference = 12794DA223E1625100EF0145 /* SwiftUISample.app */;
			productType = "com.apple.product-type.application";
		};
		12794DB723E1625500EF0145 /* SwiftUISampleTests */ = {
			isa = PBXNativeTarget;
			buildConfigurationList = 12794DCF23E1625500EF0145 /* Build configuration list for PBXNativeTarget "SwiftUISampleTests" */;
			buildPhases = (
				12794DB423E1625500EF0145 /* Sources */,
				12794DB523E1625500EF0145 /* Frameworks */,
				12794DB623E1625500EF0145 /* Resources */,
			);
			buildRules = (
			);
			dependencies = (
				12794DBA23E1625500EF0145 /* PBXTargetDependency */,
			);
			name = SwiftUISampleTests;
			productName = SwiftUISampleTests;
			productReference = 12794DB823E1625500EF0145 /* SwiftUISampleTests.xctest */;
			productType = "com.apple.product-type.bundle.unit-test";
		};
		12794DC223E1625500EF0145 /* SwiftUISampleUITests */ = {
			isa = PBXNativeTarget;
			buildConfigurationList = 12794DD223E1625500EF0145 /* Build configuration list for PBXNativeTarget "SwiftUISampleUITests" */;
			buildPhases = (
				12794DBF23E1625500EF0145 /* Sources */,
				12794DC023E1625500EF0145 /* Frameworks */,
				12794DC123E1625500EF0145 /* Resources */,
			);
			buildRules = (
			);
			dependencies = (
				12794DC523E1625500EF0145 /* PBXTargetDependency */,
			);
			name = SwiftUISampleUITests;
			productName = SwiftUISampleUITests;
			productReference = 12794DC323E1625500EF0145 /* SwiftUISampleUITests.xctest */;
			productType = "com.apple.product-type.bundle.ui-testing";
		};
/* End PBXNativeTarget section */

/* Begin PBXProject section */
		12794D9A23E1625100EF0145 /* Project object */ = {
			isa = PBXProject;
			attributes = {
				LastSwiftUpdateCheck = 1130;
				LastUpgradeCheck = 1130;
				ORGANIZATIONNAME = jungwook;
				TargetAttributes = {
					12794DA123E1625100EF0145 = {
						CreatedOnToolsVersion = 11.3.1;
					};
					12794DB723E1625500EF0145 = {
						CreatedOnToolsVersion = 11.3.1;
						TestTargetID = 12794DA123E1625100EF0145;
					};
					12794DC223E1625500EF0145 = {
						CreatedOnToolsVersion = 11.3.1;
						TestTargetID = 12794DA123E1625100EF0145;
					};
				};
			};
			buildConfigurationList = 12794D9D23E1625100EF0145 /* Build configuration list for PBXProject "SwiftUISample" */;
			compatibilityVersion = "Xcode 9.3";
			developmentRegion = en;
			hasScannedForEncodings = 0;
			knownRegions = (
				en,
				Base,
			);
			mainGroup = 12794D9923E1625100EF0145;
			productRefGroup = 12794DA323E1625100EF0145 /* Products */;
			projectDirPath = "";
			projectRoot = "";
			targets = (
				12794DA123E1625100EF0145 /* SwiftUISample */,
				12794DB723E1625500EF0145 /* SwiftUISampleTests */,
				12794DC223E1625500EF0145 /* SwiftUISampleUITests */,
			);
		};
/* End PBXProject section */

/* Begin PBXResourcesBuildPhase section */
		12794DA023E1625100EF0145 /* Resources */ = {
			isa = PBXResourcesBuildPhase;
			buildActionMask = 2147483647;
			files = (
				12794DB223E1625400EF0145 /* LaunchScreen.storyboard in Resources */,
				12794DAF23E1625400EF0145 /* Preview Assets.xcassets in Resources */,
				12794DAC23E1625400EF0145 /* Assets.xcassets in Resources */,
			);
			runOnlyForDeploymentPostprocessing = 0;
		};
		12794DB623E1625500EF0145 /* Resources */ = {
			isa = PBXResourcesBuildPhase;
			buildActionMask = 2147483647;
			files = (
			);
			runOnlyForDeploymentPostprocessing = 0;
		};
		12794DC123E1625500EF0145 /* Resources */ = {
			isa = PBXResourcesBuildPhase;
			buildActionMask = 2147483647;
			files = (
			);
			runOnlyForDeploymentPostprocessing = 0;
		};
/* End PBXResourcesBuildPhase section */

/* Begin PBXSourcesBuildPhase section */
		12794D9E23E1625100EF0145 /* Sources */ = {
			isa = PBXSourcesBuildPhase;
			buildActionMask = 2147483647;
			files = (
				12794DA623E1625100EF0145 /* AppDelegate.swift in Sources */,
				12794DA823E1625100EF0145 /* SceneDelegate.swift in Sources */,
				12794DAA23E1625100EF0145 /* ContentView.swift in Sources */,
			);
			runOnlyForDeploymentPostprocessing = 0;
		};
		12794DB423E1625500EF0145 /* Sources */ = {
			isa = PBXSourcesBuildPhase;
			buildActionMask = 2147483647;
			files = (
				12794DBD23E1625500EF0145 /* SwiftUISampleTests.swift in Sources */,
			);
			runOnlyForDeploymentPostprocessing = 0;
		};
		12794DBF23E1625500EF0145 /* Sources */ = {
			isa = PBXSourcesBuildPhase;
			buildActionMask = 2147483647;
			files = (
				12794DC823E1625500EF0145 /* SwiftUISampleUITests.swift in Sources */,
			);
			runOnlyForDeploymentPostprocessing = 0;
		};
/* End PBXSourcesBuildPhase section */

/* Begin PBXTargetDependency section */
		12794DBA23E1625500EF0145 /* PBXTargetDependency */ = {
			isa = PBXTargetDependency;
			target = 12794DA123E1625100EF0145 /* SwiftUISample */;
			targetProxy = 12794DB923E1625500EF0145 /* PBXContainerItemProxy */;
		};
		12794DC523E1625500EF0145 /* PBXTargetDependency */ = {
			isa = PBXTargetDependency;
			target = 12794DA123E1625100EF0145 /* SwiftUISample */;
			targetProxy = 12794DC423E1625500EF0145 /* PBXContainerItemProxy */;
		};
/* End PBXTargetDependency section */

/* Begin PBXVariantGroup section */
		12794DB023E1625400EF0145 /* LaunchScreen.storyboard */ = {
			isa = PBXVariantGroup;
			children = (
				12794DB123E1625400EF0145 /* Base */,
			);
			name = LaunchScreen.storyboard;
			sourceTree = "<group>";
		};
/* End PBXVariantGroup section */

/* Begin XCBuildConfiguration section */
		12794DCA23E1625500EF0145 /* Debug */ = {
			isa = XCBuildConfiguration;
			buildSettings = {
				ALWAYS_SEARCH_USER_PATHS = NO;
				CLANG_ANALYZER_NONNULL = YES;
				CLANG_ANALYZER_NUMBER_OBJECT_CONVERSION = YES_AGGRESSIVE;
				CLANG_CXX_LANGUAGE_STANDARD = "gnu++14";
				CLANG_CXX_LIBRARY = "libc++";
				CLANG_ENABLE_MODULES = YES;
				CLANG_ENABLE_OBJC_ARC = YES;
				CLANG_ENABLE_OBJC_WEAK = YES;
				CLANG_WARN_BLOCK_CAPTURE_AUTORELEASING = YES;
				CLANG_WARN_BOOL_CONVERSION = YES;
				CLANG_WARN_COMMA = YES;
				CLANG_WARN_CONSTANT_CONVERSION = YES;
				CLANG_WARN_DEPRECATED_OBJC_IMPLEMENTATIONS = YES;
				CLANG_WARN_DIRECT_OBJC_ISA_USAGE = YES_ERROR;
				CLANG_WARN_DOCUMENTATION_COMMENTS = YES;
				CLANG_WARN_EMPTY_BODY = YES;
				CLANG_WARN_ENUM_CONVERSION = YES;
				CLANG_WARN_INFINITE_RECURSION = YES;
				CLANG_WARN_INT_CONVERSION = YES;
				CLANG_WARN_NON_LITERAL_NULL_CONVERSION = YES;
				CLANG_WARN_OBJC_IMPLICIT_RETAIN_SELF = YES;
				CLANG_WARN_OBJC_LITERAL_CONVERSION = YES;
				CLANG_WARN_OBJC_ROOT_CLASS = YES_ERROR;
				CLANG_WARN_RANGE_LOOP_ANALYSIS = YES;
				CLANG_WARN_STRICT_PROTOTYPES = YES;
				CLANG_WARN_SUSPICIOUS_MOVE = YES;
				CLANG_WARN_UNGUARDED_AVAILABILITY = YES_AGGRESSIVE;
				CLANG_WARN_UNREACHABLE_CODE = YES;
				CLANG_WARN__DUPLICATE_METHOD_MATCH = YES;
				COPY_PHASE_STRIP = NO;
				DEBUG_INFORMATION_FORMAT = dwarf;
				ENABLE_STRICT_OBJC_MSGSEND = YES;
				ENABLE_TESTABILITY = YES;
				GCC_C_LANGUAGE_STANDARD = gnu11;
				GCC_DYNAMIC_NO_PIC = NO;
				GCC_NO_COMMON_BLOCKS = YES;
				GCC_OPTIMIZATION_LEVEL = 0;
				GCC_PREPROCESSOR_DEFINITIONS = (
					"DEBUG=1",
					"$(inherited)",
				);
				GCC_WARN_64_TO_32_BIT_CONVERSION = YES;
				GCC_WARN_ABOUT_RETURN_TYPE = YES_ERROR;
				GCC_WARN_UNDECLARED_SELECTOR = YES;
				GCC_WARN_UNINITIALIZED_AUTOS = YES_AGGRESSIVE;
				GCC_WARN_UNUSED_FUNCTION = YES;
				GCC_WARN_UNUSED_VARIABLE = YES;
				IPHONEOS_DEPLOYMENT_TARGET = 13.2;
				MTL_ENABLE_DEBUG_INFO = INCLUDE_SOURCE;
				MTL_FAST_MATH = YES;
				ONLY_ACTIVE_ARCH = YES;
				SDKROOT = iphoneos;
				SWIFT_ACTIVE_COMPILATION_CONDITIONS = DEBUG;
				SWIFT_OPTIMIZATION_LEVEL = "-Onone";
			};
			name = Debug;
		};
		12794DCB23E1625500EF0145 /* Release */ = {
			isa = XCBuildConfiguration;
			buildSettings = {
				ALWAYS_SEARCH_USER_PATHS = NO;
				CLANG_ANALYZER_NONNULL = YES;
				CLANG_ANALYZER_NUMBER_OBJECT_CONVERSION = YES_AGGRESSIVE;
				CLANG_CXX_LANGUAGE_STANDARD = "gnu++14";
				CLANG_CXX_LIBRARY = "libc++";
				CLANG_ENABLE_MODULES = YES;
				CLANG_ENABLE_OBJC_ARC = YES;
				CLANG_ENABLE_OBJC_WEAK = YES;
				CLANG_WARN_BLOCK_CAPTURE_AUTORELEASING = YES;
				CLANG_WARN_BOOL_CONVERSION = YES;
				CLANG_WARN_COMMA = YES;
				CLANG_WARN_CONSTANT_CONVERSION = YES;
				CLANG_WARN_DEPRECATED_OBJC_IMPLEMENTATIONS = YES;
				CLANG_WARN_DIRECT_OBJC_ISA_USAGE = YES_ERROR;
				CLANG_WARN_DOCUMENTATION_COMMENTS = YES;
				CLANG_WARN_EMPTY_BODY = YES;
				CLANG_WARN_ENUM_CONVERSION = YES;
				CLANG_WARN_INFINITE_RECURSION = YES;
				CLANG_WARN_INT_CONVERSION = YES;
				CLANG_WARN_NON_LITERAL_NULL_CONVERSION = YES;
				CLANG_WARN_OBJC_IMPLICIT_RETAIN_SELF = YES;
				CLANG_WARN_OBJC_LITERAL_CONVERSION = YES;
				CLANG_WARN_OBJC_ROOT_CLASS = YES_ERROR;
				CLANG_WARN_RANGE_LOOP_ANALYSIS = YES;
				CLANG_WARN_STRICT_PROTOTYPES = YES;
				CLANG_WARN_SUSPICIOUS_MOVE = YES;
				CLANG_WARN_UNGUARDED_AVAILABILITY = YES_AGGRESSIVE;
				CLANG_WARN_UNREACHABLE_CODE = YES;
				CLANG_WARN__DUPLICATE_METHOD_MATCH = YES;
				COPY_PHASE_STRIP = NO;
				DEBUG_INFORMATION_FORMAT = "dwarf-with-dsym";
				ENABLE_NS_ASSERTIONS = NO;
				ENABLE_STRICT_OBJC_MSGSEND = YES;
				GCC_C_LANGUAGE_STANDARD = gnu11;
				GCC_NO_COMMON_BLOCKS = YES;
				GCC_WARN_64_TO_32_BIT_CONVERSION = YES;
				GCC_WARN_ABOUT_RETURN_TYPE = YES_ERROR;
				GCC_WARN_UNDECLARED_SELECTOR = YES;
				GCC_WARN_UNINITIALIZED_AUTOS = YES_AGGRESSIVE;
				GCC_WARN_UNUSED_FUNCTION = YES;
				GCC_WARN_UNUSED_VARIABLE = YES;
				IPHONEOS_DEPLOYMENT_TARGET = 13.2;
				MTL_ENABLE_DEBUG_INFO = NO;
				MTL_FAST_MATH = YES;
				SDKROOT = iphoneos;
				SWIFT_COMPILATION_MODE = wholemodule;
				SWIFT_OPTIMIZATION_LEVEL = "-O";
				VALIDATE_PRODUCT = YES;
			};
			name = Release;
		};
		12794DCD23E1625500EF0145 /* Debug */ = {
			isa = XCBuildConfiguration;
			buildSettings = {
				ASSETCATALOG_COMPILER_APPICON_NAME = AppIcon;
				CODE_SIGN_STYLE = Automatic;
				DEVELOPMENT_ASSET_PATHS = "\"SwiftUISample/Preview Content\"";
				DEVELOPMENT_TEAM = MLMJ7RVV98;
				ENABLE_PREVIEWS = YES;
				INFOPLIST_FILE = SwiftUISample/Info.plist;
				LD_RUNPATH_SEARCH_PATHS = (
					"$(inherited)",
					"@executable_path/Frameworks",
				);
				PRODUCT_BUNDLE_IDENTIFIER = jung.wook.SwiftUISample;
				PRODUCT_NAME = "$(TARGET_NAME)";
				SWIFT_VERSION = 5.0;
				TARGETED_DEVICE_FAMILY = "1,2";
			};
			name = Debug;
		};
		12794DCE23E1625500EF0145 /* Release */ = {
			isa = XCBuildConfiguration;
			buildSettings = {
				ASSETCATALOG_COMPILER_APPICON_NAME = AppIcon;
				CODE_SIGN_STYLE = Automatic;
				DEVELOPMENT_ASSET_PATHS = "\"SwiftUISample/Preview Content\"";
				DEVELOPMENT_TEAM = MLMJ7RVV98;
				ENABLE_PREVIEWS = YES;
				INFOPLIST_FILE = SwiftUISample/Info.plist;
				LD_RUNPATH_SEARCH_PATHS = (
					"$(inherited)",
					"@executable_path/Frameworks",
				);
				PRODUCT_BUNDLE_IDENTIFIER = jung.wook.SwiftUISample;
				PRODUCT_NAME = "$(TARGET_NAME)";
				SWIFT_VERSION = 5.0;
				TARGETED_DEVICE_FAMILY = "1,2";
			};
			name = Release;
		};
		12794DD023E1625500EF0145 /* Debug */ = {
			isa = XCBuildConfiguration;
			buildSettings = {
				ALWAYS_EMBED_SWIFT_STANDARD_LIBRARIES = YES;
				BUNDLE_LOADER = "$(TEST_HOST)";
				CODE_SIGN_STYLE = Automatic;
				DEVELOPMENT_TEAM = MLMJ7RVV98;
				INFOPLIST_FILE = SwiftUISampleTests/Info.plist;
				IPHONEOS_DEPLOYMENT_TARGET = 13.2;
				LD_RUNPATH_SEARCH_PATHS = (
					"$(inherited)",
					"@executable_path/Frameworks",
					"@loader_path/Frameworks",
				);
				PRODUCT_BUNDLE_IDENTIFIER = jung.wook.SwiftUISampleTests;
				PRODUCT_NAME = "$(TARGET_NAME)";
				SWIFT_VERSION = 5.0;
				TARGETED_DEVICE_FAMILY = "1,2";
				TEST_HOST = "$(BUILT_PRODUCTS_DIR)/SwiftUISample.app/SwiftUISample";
			};
			name = Debug;
		};
		12794DD123E1625500EF0145 /* Release */ = {
			isa = XCBuildConfiguration;
			buildSettings = {
				ALWAYS_EMBED_SWIFT_STANDARD_LIBRARIES = YES;
				BUNDLE_LOADER = "$(TEST_HOST)";
				CODE_SIGN_STYLE = Automatic;
				DEVELOPMENT_TEAM = MLMJ7RVV98;
				INFOPLIST_FILE = SwiftUISampleTests/Info.plist;
				IPHONEOS_DEPLOYMENT_TARGET = 13.2;
				LD_RUNPATH_SEARCH_PATHS = (
					"$(inherited)",
					"@executable_path/Frameworks",
					"@loader_path/Frameworks",
				);
				PRODUCT_BUNDLE_IDENTIFIER = jung.wook.SwiftUISampleTests;
				PRODUCT_NAME = "$(TARGET_NAME)";
				SWIFT_VERSION = 5.0;
				TARGETED_DEVICE_FAMILY = "1,2";
				TEST_HOST = "$(BUILT_PRODUCTS_DIR)/SwiftUISample.app/SwiftUISample";
			};
			name = Release;
		};
		12794DD323E1625500EF0145 /* Debug */ = {
			isa = XCBuildConfiguration;
			buildSettings = {
				ALWAYS_EMBED_SWIFT_STANDARD_LIBRARIES = YES;
				CODE_SIGN_STYLE = Automatic;
				DEVELOPMENT_TEAM = MLMJ7RVV98;
				INFOPLIST_FILE = SwiftUISampleUITests/Info.plist;
				LD_RUNPATH_SEARCH_PATHS = (
					"$(inherited)",
					"@executable_path/Frameworks",
					"@loader_path/Frameworks",
				);
				PRODUCT_BUNDLE_IDENTIFIER = jung.wook.SwiftUISampleUITests;
				PRODUCT_NAME = "$(TARGET_NAME)";
				SWIFT_VERSION = 5.0;
				TARGETED_DEVICE_FAMILY = "1,2";
				TEST_TARGET_NAME = SwiftUISample;
			};
			name = Debug;
		};
		12794DD423E1625500EF0145 /* Release */ = {
			isa = XCBuildConfiguration;
			buildSettings = {
				ALWAYS_EMBED_SWIFT_STANDARD_LIBRARIES = YES;
				CODE_SIGN_STYLE = Automatic;
				DEVELOPMENT_TEAM = MLMJ7RVV98;
				INFOPLIST_FILE = SwiftUISampleUITests/Info.plist;
				LD_RUNPATH_SEARCH_PATHS = (
					"$(inherited)",
					"@executable_path/Frameworks",
					"@loader_path/Frameworks",
				);
				PRODUCT_BUNDLE_IDENTIFIER = jung.wook.SwiftUISampleUITests;
				PRODUCT_NAME = "$(TARGET_NAME)";
				SWIFT_VERSION = 5.0;
				TARGETED_DEVICE_FAMILY = "1,2";
				TEST_TARGET_NAME = SwiftUISample;
			};
			name = Release;
		};
/* End XCBuildConfiguration section */

/* Begin XCConfigurationList section */
		12794D9D23E1625100EF0145 /* Build configuration list for PBXProject "SwiftUISample" */ = {
			isa = XCConfigurationList;
			buildConfigurations = (
				12794DCA23E1625500EF0145 /* Debug */,
				12794DCB23E1625500EF0145 /* Release */,
			);
			defaultConfigurationIsVisible = 0;
			defaultConfigurationName = Release;
		};
		12794DCC23E1625500EF0145 /* Build configuration list for PBXNativeTarget "SwiftUISample" */ = {
			isa = XCConfigurationList;
			buildConfigurations = (
				12794DCD23E1625500EF0145 /* Debug */,
				12794DCE23E1625500EF0145 /* Release */,
			);
			defaultConfigurationIsVisible = 0;
			defaultConfigurationName = Release;
		};
		12794DCF23E1625500EF0145 /* Build configuration list for PBXNativeTarget "SwiftUISampleTests" */ = {
			isa = XCConfigurationList;
			buildConfigurations = (
				12794DD023E1625500EF0145 /* Debug */,
				12794DD123E1625500EF0145 /* Release */,
			);
			defaultConfigurationIsVisible = 0;
			defaultConfigurationName = Release;
		};
		12794DD223E1625500EF0145 /* Build configuration list for PBXNativeTarget "SwiftUISampleUITests" */ = {
			isa = XCConfigurationList;
			buildConfigurations = (
				12794DD323E1625500EF0145 /* Debug */,
				12794DD423E1625500EF0145 /* Release */,
			);
			defaultConfigurationIsVisible = 0;
			defaultConfigurationName = Release;
		};
/* End XCConfigurationList section */
	};
	rootObject = 12794D9A23E1625100EF0145 /* Project object */;
}
